
Microsoft Visual Studio Solution File, Format Version 12.00
# Visual Studio 15
Project("{FAE04EC0-301F-11D3-BF4B-00C04F79EFBC}") = "XF_Practices.Android", "XF_Practices.Android\XF_Practices.Android.csproj", "{60583DD1-486A-45DA-8520-5D37B0BBD978}"
EndProject
Project("{FAE04EC0-301F-11D3-BF4B-00C04F79EFBC}") = "XF_Practices.iOS", "XF_Practices.iOS\XF_Practices.iOS.csproj", "{45C3143B-B4D3-41F4-B37F-5EE98C0A93F6}"
EndProject
Project("{FAE04EC0-301F-11D3-BF4B-00C04F79EFBC}") = "XF_Practices", "XF_Practices\XF_Practices.csproj", "{38825CE7-CBEA-4B61-9FB8-BAA72C289635}"
EndProject
Global
	GlobalSection(SolutionConfigurationPlatforms) = preSolution
		Debug|Any CPU = Debug|Any CPU
		Release|Any CPU = Release|Any CPU
		Debug|iPhoneSimulator = Debug|iPhoneSimulator
		Release|iPhoneSimulator = Release|iPhoneSimulator
		Debug|iPhone = Debug|iPhone
		Release|iPhone = Release|iPhone
		Ad-Hoc|iPhone = Ad-Hoc|iPhone
		AppStore|iPhone = AppStore|iPhone
	EndGlobalSection
	GlobalSection(ProjectConfigurationPlatforms) = postSolution
		{60583DD1-486A-45DA-8520-5D37B0BBD978}.Debug|Any CPU.ActiveCfg = Debug|Any CPU
		{60583DD1-486A-45DA-8520-5D37B0BBD978}.Debug|Any CPU.Build.0 = Debug|Any CPU
		{60583DD1-486A-45DA-8520-5D37B0BBD978}.Release|Any CPU.ActiveCfg = Release|Any CPU
		{60583DD1-486A-45DA-8520-5D37B0BBD978}.Release|Any CPU.Build.0 = Release|Any CPU
		{60583DD1-486A-45DA-8520-5D37B0BBD978}.Debug|iPhoneSimulator.ActiveCfg = Debug|Any CPU
		{60583DD1-486A-45DA-8520-5D37B0BBD978}.Debug|iPhoneSimulator.Build.0 = Debug|Any CPU
		{60583DD1-486A-45DA-8520-5D37B0BBD978}.Release|iPhoneSimulator.ActiveCfg = Release|Any CPU
		{60583DD1-486A-45DA-8520-5D37B0BBD978}.Release|iPhoneSimulator.Build.0 = Release|Any CPU
		{60583DD1-486A-45DA-8520-5D37B0BBD978}.Debug|iPhone.ActiveCfg = Debug|Any CPU
		{60583DD1-486A-45DA-8520-5D37B0BBD978}.Debug|iPhone.Build.0 = Debug|Any CPU
		{60583DD1-486A-45DA-8520-5D37B0BBD978}.Release|iPhone.ActiveCfg = Release|Any CPU
		{60583DD1-486A-45DA-8520-5D37B0BBD978}.Release|iPhone.Build.0 = Release|Any CPU
		{60583DD1-486A-45DA-8520-5D37B0BBD978}.Ad-Hoc|iPhone.ActiveCfg = Debug|Any CPU
		{60583DD1-486A-45DA-8520-5D37B0BBD978}.Ad-Hoc|iPhone.Build.0 = Debug|Any CPU
		{60583DD1-486A-45DA-8520-5D37B0BBD978}.AppStore|iPhone.ActiveCfg = Debug|Any CPU
		{60583DD1-486A-45DA-8520-5D37B0BBD978}.AppStore|iPhone.Build.0 = Debug|Any CPU
		{45C3143B-B4D3-41F4-B37F-5EE98C0A93F6}.Debug|Any CPU.ActiveCfg = Debug|iPhoneSimulator
		{45C3143B-B4D3-41F4-B37F-5EE98C0A93F6}.Debug|Any CPU.Build.0 = Debug|iPhoneSimulator
		{45C3143B-B4D3-41F4-B37F-5EE98C0A93F6}.Release|Any CPU.ActiveCfg = Release|iPhoneSimulator
		{45C3143B-B4D3-41F4-B37F-5EE98C0A93F6}.Release|Any CPU.Build.0 = Release|iPhoneSimulator
		{45C3143B-B4D3-41F4-B37F-5EE98C0A93F6}.Debug|iPhoneSimulator.ActiveCfg = Debug|iPhoneSimulator
		{45C3143B-B4D3-41F4-B37F-5EE98C0A93F6}.Debug|iPhoneSimulator.Build.0 = Debug|iPhoneSimulator
		{45C3143B-B4D3-41F4-B37F-5EE98C0A93F6}.Release|iPhoneSimulator.ActiveCfg = Release|iPhoneSimulator
		{45C3143B-B4D3-41F4-B37F-5EE98C0A93F6}.Release|iPhoneSimulator.Build.0 = Release|iPhoneSimulator
		{45C3143B-B4D3-41F4-B37F-5EE98C0A93F6}.Debug|iPhone.ActiveCfg = Debug|iPhone
		{45C3143B-B4D3-41F4-B37F-5EE98C0A93F6}.Debug|iPhone.Build.0 = Debug|iPhone
		{45C3143B-B4D3-41F4-B37F-5EE98C0A93F6}.Release|iPhone.ActiveCfg = Release|iPhone
		{45C3143B-B4D3-41F4-B37F-5EE98C0A93F6}.Release|iPhone.Build.0 = Release|iPhone
		{45C3143B-B4D3-41F4-B37F-5EE98C0A93F6}.Ad-Hoc|iPhone.ActiveCfg = Ad-Hoc|iPhone
		{45C3143B-B4D3-41F4-B37F-5EE98C0A93F6}.Ad-Hoc|iPhone.Build.0 = Ad-Hoc|iPhone
		{45C3143B-B4D3-41F4-B37F-5EE98C0A93F6}.AppStore|iPhone.ActiveCfg = AppStore|iPhone
		{45C3143B-B4D3-41F4-B37F-5EE98C0A93F6}.AppStore|iPhone.Build.0 = AppStore|iPhone
		{38825CE7-CBEA-4B61-9FB8-BAA72C289635}.Debug|Any CPU.ActiveCfg = Debug|Any CPU
		{38825CE7-CBEA-4B61-9FB8-BAA72C289635}.Debug|Any CPU.Build.0 = Debug|Any CPU
		{38825CE7-CBEA-4B61-9FB8-BAA72C289635}.Release|Any CPU.ActiveCfg = Release|Any CPU
		{38825CE7-CBEA-4B61-9FB8-BAA72C289635}.Release|Any CPU.Build.0 = Release|Any CPU
		{38825CE7-CBEA-4B61-9FB8-BAA72C289635}.Debug|iPhoneSimulator.ActiveCfg = Debug|Any CPU
		{38825CE7-CBEA-4B61-9FB8-BAA72C289635}.Debug|iPhoneSimulator.Build.0 = Debug|Any CPU
		{38825CE7-CBEA-4B61-9FB8-BAA72C289635}.Release|iPhoneSimulator.ActiveCfg = Release|Any CPU
		{38825CE7-CBEA-4B61-9FB8-BAA72C289635}.Release|iPhoneSimulator.Build.0 = Release|Any CPU
		{38825CE7-CBEA-4B61-9FB8-BAA72C289635}.Debug|iPhone.ActiveCfg = Debug|Any CPU
		{38825CE7-CBEA-4B61-9FB8-BAA72C289635}.Debug|iPhone.Build.0 = Debug|Any CPU
		{38825CE7-CBEA-4B61-9FB8-BAA72C289635}.Release|iPhone.ActiveCfg = Release|Any CPU
		{38825CE7-CBEA-4B61-9FB8-BAA72C289635}.Release|iPhone.Build.0 = Release|Any CPU
		{38825CE7-CBEA-4B61-9FB8-BAA72C289635}.Ad-Hoc|iPhone.ActiveCfg = Debug|Any CPU
		{38825CE7-CBEA-4B61-9FB8-BAA72C289635}.Ad-Hoc|iPhone.Build.0 = Debug|Any CPU
		{38825CE7-CBEA-4B61-9FB8-BAA72C289635}.AppStore|iPhone.ActiveCfg = Debug|Any CPU
		{38825CE7-CBEA-4B61-9FB8-BAA72C289635}.AppStore|iPhone.Build.0 = Debug|Any CPU
	EndGlobalSection
EndGlobal
